
Microsoft Visual Studio Solution File, Format Version 12.00
# Visual Studio Version 16
VisualStudioVersion = 16.0.29806.167
MinimumVisualStudioVersion = 10.0.40219.1
Project("{FAE04EC0-301F-11D3-BF4B-00C04F79EFBC}") = "HtmlAgileCoreConsole", "HtmlAgileCoreConsole\HtmlAgileCoreConsole.csproj", "{1175763F-FD7D-4778-AEB2-0CF1EEA7DC60}"
EndProject
Global
	GlobalSection(SolutionConfigurationPlatforms) = preSolution
		Debug|Any CPU = Debug|Any CPU
		Release|Any CPU = Release|Any CPU
	EndGlobalSection
	GlobalSection(ProjectConfigurationPlatforms) = postSolution
		{1175763F-FD7D-4778-AEB2-0CF1EEA7DC60}.Debug|Any CPU.ActiveCfg = Debug|Any CPU
		{1175763F-FD7D-4778-AEB2-0CF1EEA7DC60}.Debug|Any CPU.Build.0 = Debug|Any CPU
		{1175763F-FD7D-4778-AEB2-0CF1EEA7DC60}.Release|Any CPU.ActiveCfg = Release|Any CPU
		{1175763F-FD7D-4778-AEB2-0CF1EEA7DC60}.Release|Any CPU.Build.0 = Release|Any CPU
	EndGlobalSection
	GlobalSection(SolutionProperties) = preSolution
		HideSolutionNode = FALSE
	EndGlobalSection
	GlobalSection(ExtensibilityGlobals) = postSolution
		SolutionGuid = {2614512C-9EB2-4FF4-A559-A2811F074187}
	EndGlobalSection
EndGlobal
